
Microsoft Visual Studio Solution File, Format Version 12.00
# Visual Studio 15
VisualStudioVersion = 15.0.27130.2036
MinimumVisualStudioVersion = 10.0.40219.1
Project("{FAE04EC0-301F-11D3-BF4B-00C04F79EFBC}") = "LibriStupendi", "LibriStupendi\LibriStupendi.csproj", "{6E2EA98F-1AEE-4D27-ABF0-FD2D137BEFD3}"
EndProject
Global
	GlobalSection(SolutionConfigurationPlatforms) = preSolution
		Debug|Any CPU = Debug|Any CPU
		Release|Any CPU = Release|Any CPU
	EndGlobalSection
	GlobalSection(ProjectConfigurationPlatforms) = postSolution
		{6E2EA98F-1AEE-4D27-ABF0-FD2D137BEFD3}.Debug|Any CPU.ActiveCfg = Debug|Any CPU
		{6E2EA98F-1AEE-4D27-ABF0-FD2D137BEFD3}.Debug|Any CPU.Build.0 = Debug|Any CPU
		{6E2EA98F-1AEE-4D27-ABF0-FD2D137BEFD3}.Release|Any CPU.ActiveCfg = Release|Any CPU
		{6E2EA98F-1AEE-4D27-ABF0-FD2D137BEFD3}.Release|Any CPU.Build.0 = Release|Any CPU
	EndGlobalSection
	GlobalSection(SolutionProperties) = preSolution
		HideSolutionNode = FALSE
	EndGlobalSection
	GlobalSection(ExtensibilityGlobals) = postSolution
		SolutionGuid = {7A9886DA-5841-41A7-800D-FACFA6C2D591}
	EndGlobalSection
EndGlobal
